
Microsoft Visual Studio Solution File, Format Version 12.00
# Visual Studio Version 17
VisualStudioVersion = 17.8.34525.116
MinimumVisualStudioVersion = 10.0.40219.1
Project("{FAE04EC0-301F-11D3-BF4B-00C04F79EFBC}") = "ConsoleAppCase1", "ConsoleAppCase1\ConsoleAppCase1.csproj", "{D59B31C0-3CFC-4E3C-806A-4F7C05191480}"
EndProject
Global
	GlobalSection(SolutionConfigurationPlatforms) = preSolution
		Debug|Any CPU = Debug|Any CPU
		Release|Any CPU = Release|Any CPU
	EndGlobalSection
	GlobalSection(ProjectConfigurationPlatforms) = postSolution
		{D59B31C0-3CFC-4E3C-806A-4F7C05191480}.Debug|Any CPU.ActiveCfg = Debug|Any CPU
		{D59B31C0-3CFC-4E3C-806A-4F7C05191480}.Debug|Any CPU.Build.0 = Debug|Any CPU
		{D59B31C0-3CFC-4E3C-806A-4F7C05191480}.Release|Any CPU.ActiveCfg = Release|Any CPU
		{D59B31C0-3CFC-4E3C-806A-4F7C05191480}.Release|Any CPU.Build.0 = Release|Any CPU
	EndGlobalSection
	GlobalSection(SolutionProperties) = preSolution
		HideSolutionNode = FALSE
	EndGlobalSection
	GlobalSection(ExtensibilityGlobals) = postSolution
		SolutionGuid = {02EEA427-3DCE-4035-B015-F5D592C75F57}
	EndGlobalSection
EndGlobal
